{
  "name": "barber-trim",
  "version": "1.0.0",
  "lockfileVersion": 2,
  "requires": true,
  "packages": {
    "": {
      "name": "barber-trim",
      "version": "1.0.0",
      "license": "MIT",
      "dependencies": {
        "barber-trim": "^1.0.0"
      }
    },
    "node_modules/barber-trim": {
      "version": "1.0.0",
      "resolved": "https://registry.npmjs.org/barber-trim/-/barber-trim-1.0.0.tgz",
      "integrity": "sha512-q4hMMLUCR3C6smITPrcXEULv3bVURCEp9NPx0aZKnihpcXC7gM+E+9dkthHgEni97FUdbGTKm226GUVVsA0ZJQ=="
    }
  },
  "dependencies": {
    "barber-trim": {
      "version": "1.0.0",
      "resolved": "https://registry.npmjs.org/barber-trim/-/barber-trim-1.0.0.tgz",
      "integrity": "sha512-q4hMMLUCR3C6smITPrcXEULv3bVURCEp9NPx0aZKnihpcXC7gM+E+9dkthHgEni97FUdbGTKm226GUVVsA0ZJQ=="
    }
  }
}
